PODS:
  - Capacitor (4.8.1):
    - CapacitorCordova
  - CapacitorCordova (4.8.1)

DEPENDENCIES:
  - "Capacitor (from `../node_modules/@capacitor/ios`)"
  - "CapacitorCordova (from `../node_modules/@capacitor/ios`)"

EXTERNAL SOURCES:
  Capacitor:
    :path: "../node_modules/@capacitor/ios"
  CapacitorCordova:
    :path: "../node_modules/@capacitor/ios"

SPEC CHECKSUMS:
  Capacitor: 308aae8142159bfe8ec799fe2bca2342929d7cd9
  CapacitorCordova: 99ca4a6de99c9719a440b4534e4496d284c37503

PODFILE CHECKSUM: 14e8b2400457751b865e1c327e7cfa1c6fa67da6

COCOAPODS: 1.12.0
